
Microsoft Visual Studio Solution File, Format Version 12.00
Project("{2150E333-8FDC-42A3-9474-1A3956D46DE8}") = "Src", "Src", "{87FDB930-5E7E-4678-84F8-47AECEAE7987}"
EndProject
Project("{FAE04EC0-301F-11D3-BF4B-00C04F79EFBC}") = "Application", "Src\Application\Application.csproj", "{C1AC6513-1FEE-41C3-A081-F83760F99331}"
EndProject
Project("{FAE04EC0-301F-11D3-BF4B-00C04F79EFBC}") = "WebUI", "Src\WebUI\WebUI.csproj", "{3A6FF7AE-10F2-4EF8-B6E7-7254468ABCE7}"
EndProject
Project("{FAE04EC0-301F-11D3-BF4B-00C04F79EFBC}") = "Infrastructure", "Src\Infrastructure\Infrastructure.csproj", "{146BA653-ABD0-4D8A-A5F1-AFF689745051}"
EndProject
Project("{2150E333-8FDC-42A3-9474-1A3956D46DE8}") = "Tests", "Tests", "{A778FB9A-A6C2-4D83-8A4E-AD0199370288}"
EndProject
Project("{FAE04EC0-301F-11D3-BF4B-00C04F79EFBC}") = "Application.Test", "Tests\Application.Test\Application.Test.csproj", "{384D1521-2328-4F56-9506-340EDBD6F607}"
EndProject
Project("{FAE04EC0-301F-11D3-BF4B-00C04F79EFBC}") = "Infrastructure.Tests", "Tests\Infrastructure.Tests\Infrastructure.Tests.csproj", "{B025C236-930D-4374-A643-6BC5B76C1ED9}"
EndProject
Project("{FAE04EC0-301F-11D3-BF4B-00C04F79EFBC}") = "Domain", "Src\Domain\Domain.csproj", "{2B7E0EB5-7751-42C5-89F4-A7AB0DFAC908}"
EndProject
Project("{FAE04EC0-301F-11D3-BF4B-00C04F79EFBC}") = "WebUI.Integration.Tests", "Tests\WebUI.Integration.Tests\WebUI.Integration.Tests.csproj", "{FE9480B1-8DD2-4076-9442-44AEB585FAAD}"
EndProject
Global
	GlobalSection(SolutionConfigurationPlatforms) = preSolution
		Debug|Any CPU = Debug|Any CPU
		Release|Any CPU = Release|Any CPU
	EndGlobalSection
	GlobalSection(ProjectConfigurationPlatforms) = postSolution
		{C1AC6513-1FEE-41C3-A081-F83760F99331}.Debug|Any CPU.ActiveCfg = Debug|Any CPU
		{C1AC6513-1FEE-41C3-A081-F83760F99331}.Debug|Any CPU.Build.0 = Debug|Any CPU
		{C1AC6513-1FEE-41C3-A081-F83760F99331}.Release|Any CPU.ActiveCfg = Release|Any CPU
		{C1AC6513-1FEE-41C3-A081-F83760F99331}.Release|Any CPU.Build.0 = Release|Any CPU
		{3A6FF7AE-10F2-4EF8-B6E7-7254468ABCE7}.Debug|Any CPU.ActiveCfg = Debug|Any CPU
		{3A6FF7AE-10F2-4EF8-B6E7-7254468ABCE7}.Debug|Any CPU.Build.0 = Debug|Any CPU
		{3A6FF7AE-10F2-4EF8-B6E7-7254468ABCE7}.Release|Any CPU.ActiveCfg = Release|Any CPU
		{3A6FF7AE-10F2-4EF8-B6E7-7254468ABCE7}.Release|Any CPU.Build.0 = Release|Any CPU
		{146BA653-ABD0-4D8A-A5F1-AFF689745051}.Debug|Any CPU.ActiveCfg = Debug|Any CPU
		{146BA653-ABD0-4D8A-A5F1-AFF689745051}.Debug|Any CPU.Build.0 = Debug|Any CPU
		{146BA653-ABD0-4D8A-A5F1-AFF689745051}.Release|Any CPU.ActiveCfg = Release|Any CPU
		{146BA653-ABD0-4D8A-A5F1-AFF689745051}.Release|Any CPU.Build.0 = Release|Any CPU
		{384D1521-2328-4F56-9506-340EDBD6F607}.Debug|Any CPU.ActiveCfg = Debug|Any CPU
		{384D1521-2328-4F56-9506-340EDBD6F607}.Debug|Any CPU.Build.0 = Debug|Any CPU
		{384D1521-2328-4F56-9506-340EDBD6F607}.Release|Any CPU.ActiveCfg = Release|Any CPU
		{384D1521-2328-4F56-9506-340EDBD6F607}.Release|Any CPU.Build.0 = Release|Any CPU
		{B025C236-930D-4374-A643-6BC5B76C1ED9}.Debug|Any CPU.ActiveCfg = Debug|Any CPU
		{B025C236-930D-4374-A643-6BC5B76C1ED9}.Debug|Any CPU.Build.0 = Debug|Any CPU
		{B025C236-930D-4374-A643-6BC5B76C1ED9}.Release|Any CPU.ActiveCfg = Release|Any CPU
		{B025C236-930D-4374-A643-6BC5B76C1ED9}.Release|Any CPU.Build.0 = Release|Any CPU
		{2B7E0EB5-7751-42C5-89F4-A7AB0DFAC908}.Debug|Any CPU.ActiveCfg = Debug|Any CPU
		{2B7E0EB5-7751-42C5-89F4-A7AB0DFAC908}.Debug|Any CPU.Build.0 = Debug|Any CPU
		{2B7E0EB5-7751-42C5-89F4-A7AB0DFAC908}.Release|Any CPU.ActiveCfg = Release|Any CPU
		{2B7E0EB5-7751-42C5-89F4-A7AB0DFAC908}.Release|Any CPU.Build.0 = Release|Any CPU
		{FE9480B1-8DD2-4076-9442-44AEB585FAAD}.Debug|Any CPU.ActiveCfg = Debug|Any CPU
		{FE9480B1-8DD2-4076-9442-44AEB585FAAD}.Debug|Any CPU.Build.0 = Debug|Any CPU
		{FE9480B1-8DD2-4076-9442-44AEB585FAAD}.Release|Any CPU.ActiveCfg = Release|Any CPU
		{FE9480B1-8DD2-4076-9442-44AEB585FAAD}.Release|Any CPU.Build.0 = Release|Any CPU
	EndGlobalSection
	GlobalSection(NestedProjects) = preSolution
		{C1AC6513-1FEE-41C3-A081-F83760F99331} = {87FDB930-5E7E-4678-84F8-47AECEAE7987}
		{146BA653-ABD0-4D8A-A5F1-AFF689745051} = {87FDB930-5E7E-4678-84F8-47AECEAE7987}
		{3A6FF7AE-10F2-4EF8-B6E7-7254468ABCE7} = {87FDB930-5E7E-4678-84F8-47AECEAE7987}
		{384D1521-2328-4F56-9506-340EDBD6F607} = {A778FB9A-A6C2-4D83-8A4E-AD0199370288}
		{B025C236-930D-4374-A643-6BC5B76C1ED9} = {A778FB9A-A6C2-4D83-8A4E-AD0199370288}
		{2B7E0EB5-7751-42C5-89F4-A7AB0DFAC908} = {87FDB930-5E7E-4678-84F8-47AECEAE7987}
		{FE9480B1-8DD2-4076-9442-44AEB585FAAD} = {A778FB9A-A6C2-4D83-8A4E-AD0199370288}
	EndGlobalSection
EndGlobal
